
Microsoft Visual Studio Solution File, Format Version 12.00
# Visual Studio Version 17
VisualStudioVersion = 17.9.34407.89
MinimumVisualStudioVersion = 10.0.40219.1
Project("{FAE04EC0-301F-11D3-BF4B-00C04F79EFBC}") = "MultiClientTcpServer", "MultiClientTcpServer.csproj", "{AB50DAF8-B325-4772-AB56-30F07F6B8108}"
EndProject
Project("{2150E333-8FDC-42A3-9474-1A3956D46DE8}") = "Solution Items", "Solution Items", "{553BA996-6F9F-42A3-A145-0FD1F7C9B7F2}"
	ProjectSection(SolutionItems) = preProject
		.editorconfig = .editorconfig
	EndProjectSection
EndProject
Global
	GlobalSection(SolutionConfigurationPlatforms) = preSolution
		Debug|Any CPU = Debug|Any CPU
		Release|Any CPU = Release|Any CPU
	EndGlobalSection
	GlobalSection(ProjectConfigurationPlatforms) = postSolution
		{AB50DAF8-B325-4772-AB56-30F07F6B8108}.Debug|Any CPU.ActiveCfg = Debug|Any CPU
		{AB50DAF8-B325-4772-AB56-30F07F6B8108}.Debug|Any CPU.Build.0 = Debug|Any CPU
		{AB50DAF8-B325-4772-AB56-30F07F6B8108}.Release|Any CPU.ActiveCfg = Release|Any CPU
		{AB50DAF8-B325-4772-AB56-30F07F6B8108}.Release|Any CPU.Build.0 = Release|Any CPU
	EndGlobalSection
	GlobalSection(SolutionProperties) = preSolution
		HideSolutionNode = FALSE
	EndGlobalSection
	GlobalSection(ExtensibilityGlobals) = postSolution
		SolutionGuid = {C7742DBA-E1A6-4F98-85C4-962A1FBFFA8A}
	EndGlobalSection
EndGlobal
